
Microsoft Visual Studio Solution File, Format Version 12.00
# Visual Studio Version 16
VisualStudioVersion = 16.0.30413.136
MinimumVisualStudioVersion = 10.0.40219.1
Project("{FAE04EC0-301F-11D3-BF4B-00C04F79EFBC}") = "BepInEx.MelonLoader.Loader", "BepInEx.MelonLoader.Loader\BepInEx.MelonLoader.Loader.csproj", "{7D64B55B-887B-4A70-A5FD-5E01B849B9BC}"
EndProject
Global
	GlobalSection(SolutionConfigurationPlatforms) = preSolution
		Debug|Any CPU = Debug|Any CPU
		Release|Any CPU = Release|Any CPU
	EndGlobalSection
	GlobalSection(ProjectConfigurationPlatforms) = postSolution
		{7D64B55B-887B-4A70-A5FD-5E01B849B9BC}.Debug|Any CPU.ActiveCfg = Debug|Any CPU
		{7D64B55B-887B-4A70-A5FD-5E01B849B9BC}.Debug|Any CPU.Build.0 = Debug|Any CPU
		{7D64B55B-887B-4A70-A5FD-5E01B849B9BC}.Release|Any CPU.ActiveCfg = Release|Any CPU
		{7D64B55B-887B-4A70-A5FD-5E01B849B9BC}.Release|Any CPU.Build.0 = Release|Any CPU
	EndGlobalSection
	GlobalSection(SolutionProperties) = preSolution
		HideSolutionNode = FALSE
	EndGlobalSection
	GlobalSection(ExtensibilityGlobals) = postSolution
		SolutionGuid = {22610235-9D7E-4B20-B180-26071ACC246C}
	EndGlobalSection
EndGlobal
