
Microsoft Visual Studio Solution File, Format Version 12.00
# Visual Studio Version 16
VisualStudioVersion = 16.0.30413.136
MinimumVisualStudioVersion = 10.0.40219.1
Project("{9A19103F-16F7-4668-BE54-9A1E7A4F7556}") = "BepInEx.MelonLoader.Loader", "BepInEx.MelonLoader.Loader\BepInEx.MelonLoader.Loader.csproj", "{A994FBA1-50B9-4117-BCB8-E8307A106896}"
EndProject
Project("{FAE04EC0-301F-11D3-BF4B-00C04F79EFBC}") = "MelonLoader", "MelonLoader\MelonLoader.csproj", "{F9700790-414B-431B-9F9C-1D9210FAD682}"
EndProject
Project("{FAE04EC0-301F-11D3-BF4B-00C04F79EFBC}") = "Il2CppAssemblyGenerator", "Il2CppAssemblyGenerator\Il2CppAssemblyGenerator.csproj", "{A6452A3F-4BD6-497A-97DA-24F7DF97B234}"
EndProject
Global
	GlobalSection(SolutionConfigurationPlatforms) = preSolution
		Release|Any CPU = Release|Any CPU
	EndGlobalSection
	GlobalSection(ProjectConfigurationPlatforms) = postSolution
		{A994FBA1-50B9-4117-BCB8-E8307A106896}.Release|Any CPU.ActiveCfg = Release|Any CPU
		{A994FBA1-50B9-4117-BCB8-E8307A106896}.Release|Any CPU.Build.0 = Release|Any CPU
		{F9700790-414B-431B-9F9C-1D9210FAD682}.Release|Any CPU.ActiveCfg = Release|Any CPU
		{F9700790-414B-431B-9F9C-1D9210FAD682}.Release|Any CPU.Build.0 = Release|Any CPU
		{A6452A3F-4BD6-497A-97DA-24F7DF97B234}.Release|Any CPU.ActiveCfg = Release|Any CPU
		{A6452A3F-4BD6-497A-97DA-24F7DF97B234}.Release|Any CPU.Build.0 = Release|Any CPU
	EndGlobalSection
	GlobalSection(SolutionProperties) = preSolution
		HideSolutionNode = FALSE
	EndGlobalSection
	GlobalSection(ExtensibilityGlobals) = postSolution
		SolutionGuid = {22610235-9D7E-4B20-B180-26071ACC246C}
	EndGlobalSection
EndGlobal
