
Microsoft Visual Studio Solution File, Format Version 12.00
# Visual Studio Version 17
VisualStudioVersion = 17.7.34031.279
MinimumVisualStudioVersion = 10.0.40219.1
Project("{9A19103F-16F7-4668-BE54-9A1E7A4F7556}") = "BepInEx.MelonLoader.Loader.UnityMono", "BepInEx.MelonLoader.Loader.UnityMono\BepInEx.MelonLoader.Loader.UnityMono.csproj", "{FFC82F39-1B54-4A2F-B0B0-6B9A9E692ECF}"
EndProject
Project("{9A19103F-16F7-4668-BE54-9A1E7A4F7556}") = "MelonLoader", "MelonLoader\MelonLoader.csproj", "{88C9153F-1B73-43C3-840A-17A25B0499D6}"
EndProject
Project("{2150E333-8FDC-42A3-9474-1A3956D46DE8}") = "Extra", "Extra", "{01052632-2064-4BD2-82D0-80415903719E}"
	ProjectSection(SolutionItems) = preProject
		README.md = README.md
	EndProjectSection
EndProject
Project("{9A19103F-16F7-4668-BE54-9A1E7A4F7556}") = "BepInEx.MelonLoader.Loader.IL2CPP", "BepInEx.MelonLoader.Loader.IL2CPP\BepInEx.MelonLoader.Loader.IL2CPP.csproj", "{39CE899F-DF83-4678-AB18-89C538F3550B}"
EndProject
Project("{9A19103F-16F7-4668-BE54-9A1E7A4F7556}") = "_build", "build\_build.csproj", "{D5A1F37B-33EF-4E84-9E2E-117E4E86CC14}"
EndProject
Global
	GlobalSection(SolutionConfigurationPlatforms) = preSolution
		BepInEx5|Any CPU = BepInEx5|Any CPU
		BepInEx6|Any CPU = BepInEx6|Any CPU
	EndGlobalSection
	GlobalSection(ProjectConfigurationPlatforms) = postSolution
		{FFC82F39-1B54-4A2F-B0B0-6B9A9E692ECF}.BepInEx5|Any CPU.ActiveCfg = BepInEx5|Any CPU
		{FFC82F39-1B54-4A2F-B0B0-6B9A9E692ECF}.BepInEx5|Any CPU.Build.0 = BepInEx5|Any CPU
		{FFC82F39-1B54-4A2F-B0B0-6B9A9E692ECF}.BepInEx6|Any CPU.ActiveCfg = BepInEx6|Any CPU
		{FFC82F39-1B54-4A2F-B0B0-6B9A9E692ECF}.BepInEx6|Any CPU.Build.0 = BepInEx6|Any CPU
		{88C9153F-1B73-43C3-840A-17A25B0499D6}.BepInEx5|Any CPU.ActiveCfg = BepInEx5|Any CPU
		{88C9153F-1B73-43C3-840A-17A25B0499D6}.BepInEx5|Any CPU.Build.0 = BepInEx5|Any CPU
		{88C9153F-1B73-43C3-840A-17A25B0499D6}.BepInEx6|Any CPU.ActiveCfg = BepInEx6|Any CPU
		{88C9153F-1B73-43C3-840A-17A25B0499D6}.BepInEx6|Any CPU.Build.0 = BepInEx6|Any CPU
		{39CE899F-DF83-4678-AB18-89C538F3550B}.BepInEx5|Any CPU.ActiveCfg = BepInEx6|Any CPU
		{39CE899F-DF83-4678-AB18-89C538F3550B}.BepInEx6|Any CPU.ActiveCfg = BepInEx6|Any CPU
		{39CE899F-DF83-4678-AB18-89C538F3550B}.BepInEx6|Any CPU.Build.0 = BepInEx6|Any CPU
		{D5A1F37B-33EF-4E84-9E2E-117E4E86CC14}.BepInEx5|Any CPU.ActiveCfg = Debug|Any CPU
		{D5A1F37B-33EF-4E84-9E2E-117E4E86CC14}.BepInEx5|Any CPU.Build.0 = Debug|Any CPU
		{D5A1F37B-33EF-4E84-9E2E-117E4E86CC14}.BepInEx6|Any CPU.ActiveCfg = Debug|Any CPU
		{D5A1F37B-33EF-4E84-9E2E-117E4E86CC14}.BepInEx6|Any CPU.Build.0 = Debug|Any CPU
	EndGlobalSection
	GlobalSection(SolutionProperties) = preSolution
		HideSolutionNode = FALSE
	EndGlobalSection
EndGlobal
